// !$*UTF8*$!
{
	archiveVersion = 1;
	classes = {
	};
	objectVersion = 77;
	objects = {

/* Begin PBXContainerItemProxy section */
		235370DB2EB0627F00330476 /* PBXContainerItemProxy */ = {
			isa = PBXContainerItemProxy;
			containerPortal = 235370C02EB0627900330476 /* Project object */;
			proxyType = 1;
			remoteGlobalIDString = 235370C72EB0627900330476;
			remoteInfo = RecipeDiscoveryApp;
		};
		235370E52EB0627F00330476 /* PBXContainerItemProxy */ = {
			isa = PBXContainerItemProxy;
			containerPortal = 235370C02EB0627900330476 /* Project object */;
			proxyType = 1;
			remoteGlobalIDString = 235370C72EB0627900330476;
			remoteInfo = RecipeDiscoveryApp;
		};
/* End PBXContainerItemProxy section */

/* Begin PBXFileReference section */
		235370C82EB0627900330476 /* RecipeDiscoveryApp.app */ = {isa = PBXFileReference; explicitFileType = wrapper.application; includeInIndex = 0; path = RecipeDiscoveryApp.app; sourceTree = BUILT_PRODUCTS_DIR; };
		235370DA2EB0627F00330476 /* RecipeDiscoveryAppTests.xctest */ = {isa = PBXFileReference; explicitFileType = wrapper.cfbundle; includeInIndex = 0; path = RecipeDiscoveryAppTests.xctest; sourceTree = BUILT_PRODUCTS_DIR; };
		235370E42EB0627F00330476 /* RecipeDiscoveryAppUITests.xctest */ = {isa = PBXFileReference; explicitFileType = wrapper.cfbundle; includeInIndex = 0; path = RecipeDiscoveryAppUITests.xctest; sourceTree = BUILT_PRODUCTS_DIR; };
/* End PBXFileReference section */

/* Begin PBXFileSystemSynchronizedBuildFileExceptionSet section */
		2353710C2EB0649400330476 /* Exceptions for "RecipeDiscoveryApp" folder in "RecipeDiscoveryAppTests" target */ = {
			isa = PBXFileSystemSynchronizedBuildFileExceptionSet;
			membershipExceptions = (
				App/RecipeDiscoveryAppApp.swift,
				Core/Extensions/AsyncImageView.swift,
				Core/Models/Recipe.swift,
				Core/Models/RecipeDetail.swift,
				Core/Network/RecipeService.swift,
				Core/Persistence/CoreDataManager.swift,
				Core/Persistence/CoreDataStack.swift,
				"Core/Persistence/RecipeEntity+Mapping.swift",
				Core/Persistence/RecipeRepository.swift,
				Core/Persistence/RecipeRepositoryProtocol.swift,
				Features/Favorities/ViewModels/FavoritesViewModel.swift,
				Features/Favorities/Views/FavoritesView.swift,
				Features/MainTabViews/Views/MainTabView.swift,
				Features/RecipeDetails/ViewModels/RecipeDetailViewModel.swift,
				Features/RecipeDetails/Views/RecipeDetailView.swift,
				Features/RecipeList/ViewModels/RecipeListViewModel.swift,
				Features/RecipeList/Views/FilterButtons.swift,
				Features/RecipeList/Views/RecipeListView.swift,
				Features/RecipeList/Views/RecipeRowView.swift,
				Features/RecipeList/Views/SearchBar.swift,
				Features/ShoppingDetails/Views/ShoppingListView.swift,
				RecipeModel.xcdatamodeld,
			);
			target = 235370D92EB0627F00330476 /* RecipeDiscoveryAppTests */;
		};
/* End PBXFileSystemSynchronizedBuildFileExceptionSet section */

/* Begin PBXFileSystemSynchronizedRootGroup section */
		235370CA2EB0627900330476 /* RecipeDiscoveryApp */ = {
			isa = PBXFileSystemSynchronizedRootGroup;
			exceptions = (
				2353710C2EB0649400330476 /* Exceptions for "RecipeDiscoveryApp" folder in "RecipeDiscoveryAppTests" target */,
			);
			path = RecipeDiscoveryApp;
			sourceTree = "<group>";
		};
		235370DD2EB0627F00330476 /* RecipeDiscoveryAppTests */ = {
			isa = PBXFileSystemSynchronizedRootGroup;
			path = RecipeDiscoveryAppTests;
			sourceTree = "<group>";
		};
/* End PBXFileSystemSynchronizedRootGroup section */

/* Begin PBXFrameworksBuildPhase section */
		235370C52EB0627900330476 /* Frameworks */ = {
			isa = PBXFrameworksBuildPhase;
			buildActionMask = 2147483647;
			files = (
			);
			runOnlyForDeploymentPostprocessing = 0;
		};
		235370D72EB0627F00330476 /* Frameworks */ = {
			isa = PBXFrameworksBuildPhase;
			buildActionMask = 2147483647;
			files = (
			);
			runOnlyForDeploymentPostprocessing = 0;
		};
		235370E12EB0627F00330476 /* Frameworks */ = {
			isa = PBXFrameworksBuildPhase;
			buildActionMask = 2147483647;
			files = (
			);
			runOnlyForDeploymentPostprocessing = 0;
		};
/* End PBXFrameworksBuildPhase section */

/* Begin PBXGroup section */
		235370BF2EB0627900330476 = {
			isa = PBXGroup;
			children = (
				235370CA2EB0627900330476 /* RecipeDiscoveryApp */,
				235370DD2EB0627F00330476 /* RecipeDiscoveryAppTests */,
				235370C92EB0627900330476 /* Products */,
			);
			sourceTree = "<group>";
		};
		235370C92EB0627900330476 /* Products */ = {
			isa = PBXGroup;
			children = (
				235370C82EB0627900330476 /* RecipeDiscoveryApp.app */,
				235370DA2EB0627F00330476 /* RecipeDiscoveryAppTests.xctest */,
				235370E42EB0627F00330476 /* RecipeDiscoveryAppUITests.xctest */,
			);
			name = Products;
			sourceTree = "<group>";
		};
/* End PBXGroup section */

/* Begin PBXNativeTarget section */
		235370C72EB0627900330476 /* RecipeDiscoveryApp */ = {
			isa = PBXNativeTarget;
			buildConfigurationList = 235370EE2EB0627F00330476 /* Build configuration list for PBXNativeTarget "RecipeDiscoveryApp" */;
			buildPhases = (
				235370C42EB0627900330476 /* Sources */,
				235370C52EB0627900330476 /* Frameworks */,
				235370C62EB0627900330476 /* Resources */,
			);
			buildRules = (
			);
			dependencies = (
			);
			fileSystemSynchronizedGroups = (
				235370CA2EB0627900330476 /* RecipeDiscoveryApp */,
			);
			name = RecipeDiscoveryApp;
			packageProductDependencies = (
			);
			productName = RecipeDiscoveryApp;
			productReference = 235370C82EB0627900330476 /* RecipeDiscoveryApp.app */;
			productType = "com.apple.product-type.application";
		};
		235370D92EB0627F00330476 /* RecipeDiscoveryAppTests */ = {
			isa = PBXNativeTarget;
			buildConfigurationList = 235370F12EB0627F00330476 /* Build configuration list for PBXNativeTarget "RecipeDiscoveryAppTests" */;
			buildPhases = (
				235370D62EB0627F00330476 /* Sources */,
				235370D72EB0627F00330476 /* Frameworks */,
				235370D82EB0627F00330476 /* Resources */,
			);
			buildRules = (
			);
			dependencies = (
				235370DC2EB0627F00330476 /* PBXTargetDependency */,
			);
			fileSystemSynchronizedGroups = (
				235370DD2EB0627F00330476 /* RecipeDiscoveryAppTests */,
			);
			name = RecipeDiscoveryAppTests;
			packageProductDependencies = (
			);
			productName = RecipeDiscoveryAppTests;
			productReference = 235370DA2EB0627F00330476 /* RecipeDiscoveryAppTests.xctest */;
			productType = "com.apple.product-type.bundle.unit-test";
		};
		235370E32EB0627F00330476 /* RecipeDiscoveryAppUITests */ = {
			isa = PBXNativeTarget;
			buildConfigurationList = 235370F42EB0627F00330476 /* Build configuration list for PBXNativeTarget "RecipeDiscoveryAppUITests" */;
			buildPhases = (
				235370E02EB0627F00330476 /* Sources */,
				235370E12EB0627F00330476 /* Frameworks */,
				235370E22EB0627F00330476 /* Resources */,
			);
			buildRules = (
			);
			dependencies = (
				235370E62EB0627F00330476 /* PBXTargetDependency */,
			);
			name = RecipeDiscoveryAppUITests;
			packageProductDependencies = (
			);
			productName = RecipeDiscoveryAppUITests;
			productReference = 235370E42EB0627F00330476 /* RecipeDiscoveryAppUITests.xctest */;
			productType = "com.apple.product-type.bundle.ui-testing";
		};
/* End PBXNativeTarget section */

/* Begin PBXProject section */
		235370C02EB0627900330476 /* Project object */ = {
			isa = PBXProject;
			attributes = {
				BuildIndependentTargetsInParallel = 1;
				LastSwiftUpdateCheck = 2600;
				LastUpgradeCheck = 2600;
				TargetAttributes = {
					235370C72EB0627900330476 = {
						CreatedOnToolsVersion = 26.0;
					};
					235370D92EB0627F00330476 = {
						CreatedOnToolsVersion = 26.0;
						TestTargetID = 235370C72EB0627900330476;
					};
					235370E32EB0627F00330476 = {
						CreatedOnToolsVersion = 26.0;
						TestTargetID = 235370C72EB0627900330476;
					};
				};
			};
			buildConfigurationList = 235370C32EB0627900330476 /* Build configuration list for PBXProject "RecipeDiscoveryApp" */;
			developmentRegion = en;
			hasScannedForEncodings = 0;
			knownRegions = (
				en,
				Base,
			);
			mainGroup = 235370BF2EB0627900330476;
			minimizedProjectReferenceProxies = 1;
			preferredProjectObjectVersion = 77;
			productRefGroup = 235370C92EB0627900330476 /* Products */;
			projectDirPath = "";
			projectRoot = "";
			targets = (
				235370C72EB0627900330476 /* RecipeDiscoveryApp */,
				235370D92EB0627F00330476 /* RecipeDiscoveryAppTests */,
				235370E32EB0627F00330476 /* RecipeDiscoveryAppUITests */,
			);
		};
/* End PBXProject section */

/* Begin PBXResourcesBuildPhase section */
		235370C62EB0627900330476 /* Resources */ = {
			isa = PBXResourcesBuildPhase;
			buildActionMask = 2147483647;
			files = (
			);
			runOnlyForDeploymentPostprocessing = 0;
		};
		235370D82EB0627F00330476 /* Resources */ = {
			isa = PBXResourcesBuildPhase;
			buildActionMask = 2147483647;
			files = (
			);
			runOnlyForDeploymentPostprocessing = 0;
		};
		235370E22EB0627F00330476 /* Resources */ = {
			isa = PBXResourcesBuildPhase;
			buildActionMask = 2147483647;
			files = (
			);
			runOnlyForDeploymentPostprocessing = 0;
		};
/* End PBXResourcesBuildPhase section */

/* Begin PBXSourcesBuildPhase section */
		235370C42EB0627900330476 /* Sources */ = {
			isa = PBXSourcesBuildPhase;
			buildActionMask = 2147483647;
			files = (
			);
			runOnlyForDeploymentPostprocessing = 0;
		};
		235370D62EB0627F00330476 /* Sources */ = {
			isa = PBXSourcesBuildPhase;
			buildActionMask = 2147483647;
			files = (
			);
			runOnlyForDeploymentPostprocessing = 0;
		};
		235370E02EB0627F00330476 /* Sources */ = {
			isa = PBXSourcesBuildPhase;
			buildActionMask = 2147483647;
			files = (
			);
			runOnlyForDeploymentPostprocessing = 0;
		};
/* End PBXSourcesBuildPhase section */

/* Begin PBXTargetDependency section */
		235370DC2EB0627F00330476 /* PBXTargetDependency */ = {
			isa = PBXTargetDependency;
			target = 235370C72EB0627900330476 /* RecipeDiscoveryApp */;
			targetProxy = 235370DB2EB0627F00330476 /* PBXContainerItemProxy */;
		};
		235370E62EB0627F00330476 /* PBXTargetDependency */ = {
			isa = PBXTargetDependency;
			target = 235370C72EB0627900330476 /* RecipeDiscoveryApp */;
			targetProxy = 235370E52EB0627F00330476 /* PBXContainerItemProxy */;
		};
/* End PBXTargetDependency section */

/* Begin XCBuildConfiguration section */
		235370EC2EB0627F00330476 /* Debug */ = {
			isa = XCBuildConfiguration;
			buildSettings = {
				ALWAYS_SEARCH_USER_PATHS = NO;
				ASSETCATALOG_COMPILER_GENERATE_SWIFT_ASSET_SYMBOL_EXTENSIONS = YES;
				CLANG_ANALYZER_NONNULL = YES;
				CLANG_ANALYZER_NUMBER_OBJECT_CONVERSION = YES_AGGRESSIVE;
				CLANG_CXX_LANGUAGE_STANDARD = "gnu++20";
				CLANG_ENABLE_MODULES = YES;
				CLANG_ENABLE_OBJC_ARC = YES;
				CLANG_ENABLE_OBJC_WEAK = YES;
				CLANG_WARN_BLOCK_CAPTURE_AUTORELEASING = YES;
				CLANG_WARN_BOOL_CONVERSION = YES;
				CLANG_WARN_COMMA = YES;
				CLANG_WARN_CONSTANT_CONVERSION = YES;
				CLANG_WARN_DEPRECATED_OBJC_IMPLEMENTATIONS = YES;
				CLANG_WARN_DIRECT_OBJC_ISA_USAGE = YES_ERROR;
				CLANG_WARN_DOCUMENTATION_COMMENTS = YES;
				CLANG_WARN_EMPTY_BODY = YES;
				CLANG_WARN_ENUM_CONVERSION = YES;
				CLANG_WARN_INFINITE_RECURSION = YES;
				CLANG_WARN_INT_CONVERSION = YES;
				CLANG_WARN_NON_LITERAL_NULL_CONVERSION = YES;
				CLANG_WARN_OBJC_IMPLICIT_RETAIN_SELF = YES;
				CLANG_WARN_OBJC_LITERAL_CONVERSION = YES;
				CLANG_WARN_OBJC_ROOT_CLASS = YES_ERROR;
				CLANG_WARN_QUOTED_INCLUDE_IN_FRAMEWORK_HEADER = YES;
				CLANG_WARN_RANGE_LOOP_ANALYSIS = YES;
				CLANG_WARN_STRICT_PROTOTYPES = YES;
				CLANG_WARN_SUSPICIOUS_MOVE = YES;
				CLANG_WARN_UNGUARDED_AVAILABILITY = YES_AGGRESSIVE;
				CLANG_WARN_UNREACHABLE_CODE = YES;
				CLANG_WARN__DUPLICATE_METHOD_MATCH = YES;
				COPY_PHASE_STRIP = NO;
				DEBUG_INFORMATION_FORMAT = dwarf;
				DEVELOPMENT_TEAM = C8688KMQT6;
				ENABLE_STRICT_OBJC_MSGSEND = YES;
				ENABLE_TESTABILITY = YES;
				ENABLE_USER_SCRIPT_SANDBOXING = YES;
				GCC_C_LANGUAGE_STANDARD = gnu17;
				GCC_DYNAMIC_NO_PIC = NO;
				GCC_NO_COMMON_BLOCKS = YES;
				GCC_OPTIMIZATION_LEVEL = 0;
				GCC_PREPROCESSOR_DEFINITIONS = (
					"DEBUG=1",
					"$(inherited)",
				);
				GCC_WARN_64_TO_32_BIT_CONVERSION = YES;
				GCC_WARN_ABOUT_RETURN_TYPE = YES_ERROR;
				GCC_WARN_UNDECLARED_SELECTOR = YES;
				GCC_WARN_UNINITIALIZED_AUTOS = YES_AGGRESSIVE;
				GCC_WARN_UNUSED_FUNCTION = YES;
				GCC_WARN_UNUSED_VARIABLE = YES;
				IPHONEOS_DEPLOYMENT_TARGET = 26.0;
				LOCALIZATION_PREFERS_STRING_CATALOGS = YES;
				MTL_ENABLE_DEBUG_INFO = INCLUDE_SOURCE;
				MTL_FAST_MATH = YES;
				ONLY_ACTIVE_ARCH = YES;
				SDKROOT = iphoneos;
				SWIFT_ACTIVE_COMPILATION_CONDITIONS = "DEBUG $(inherited)";
				SWIFT_OPTIMIZATION_LEVEL = "-Onone";
			};
			name = Debug;
		};
		235370ED2EB0627F00330476 /* Release */ = {
			isa = XCBuildConfiguration;
			buildSettings = {
				ALWAYS_SEARCH_USER_PATHS = NO;
				ASSETCATALOG_COMPILER_GENERATE_SWIFT_ASSET_SYMBOL_EXTENSIONS = YES;
				CLANG_ANALYZER_NONNULL = YES;
				CLANG_ANALYZER_NUMBER_OBJECT_CONVERSION = YES_AGGRESSIVE;
				CLANG_CXX_LANGUAGE_STANDARD = "gnu++20";
				CLANG_ENABLE_MODULES = YES;
				CLANG_ENABLE_OBJC_ARC = YES;
				CLANG_ENABLE_OBJC_WEAK = YES;
				CLANG_WARN_BLOCK_CAPTURE_AUTORELEASING = YES;
				CLANG_WARN_BOOL_CONVERSION = YES;
				CLANG_WARN_COMMA = YES;
				CLANG_WARN_CONSTANT_CONVERSION = YES;
				CLANG_WARN_DEPRECATED_OBJC_IMPLEMENTATIONS = YES;
				CLANG_WARN_DIRECT_OBJC_ISA_USAGE = YES_ERROR;
				CLANG_WARN_DOCUMENTATION_COMMENTS = YES;
				CLANG_WARN_EMPTY_BODY = YES;
				CLANG_WARN_ENUM_CONVERSION = YES;
				CLANG_WARN_INFINITE_RECURSION = YES;
				CLANG_WARN_INT_CONVERSION = YES;
				CLANG_WARN_NON_LITERAL_NULL_CONVERSION = YES;
				CLANG_WARN_OBJC_IMPLICIT_RETAIN_SELF = YES;
				CLANG_WARN_OBJC_LITERAL_CONVERSION = YES;
				CLANG_WARN_OBJC_ROOT_CLASS = YES_ERROR;
				CLANG_WARN_QUOTED_INCLUDE_IN_FRAMEWORK_HEADER = YES;
				CLANG_WARN_RANGE_LOOP_ANALYSIS = YES;
				CLANG_WARN_STRICT_PROTOTYPES = YES;
				CLANG_WARN_SUSPICIOUS_MOVE = YES;
				CLANG_WARN_UNGUARDED_AVAILABILITY = YES_AGGRESSIVE;
				CLANG_WARN_UNREACHABLE_CODE = YES;
				CLANG_WARN__DUPLICATE_METHOD_MATCH = YES;
				COPY_PHASE_STRIP = NO;
				DEBUG_INFORMATION_FORMAT = "dwarf-with-dsym";
				DEVELOPMENT_TEAM = C8688KMQT6;
				ENABLE_NS_ASSERTIONS = NO;
				ENABLE_STRICT_OBJC_MSGSEND = YES;
				ENABLE_USER_SCRIPT_SANDBOXING = YES;
				GCC_C_LANGUAGE_STANDARD = gnu17;
				GCC_NO_COMMON_BLOCKS = YES;
				GCC_WARN_64_TO_32_BIT_CONVERSION = YES;
				GCC_WARN_ABOUT_RETURN_TYPE = YES_ERROR;
				GCC_WARN_UNDECLARED_SELECTOR = YES;
				GCC_WARN_UNINITIALIZED_AUTOS = YES_AGGRESSIVE;
				GCC_WARN_UNUSED_FUNCTION = YES;
				GCC_WARN_UNUSED_VARIABLE = YES;
				IPHONEOS_DEPLOYMENT_TARGET = 26.0;
				LOCALIZATION_PREFERS_STRING_CATALOGS = YES;
				MTL_ENABLE_DEBUG_INFO = NO;
				MTL_FAST_MATH = YES;
				SDKROOT = iphoneos;
				SWIFT_COMPILATION_MODE = wholemodule;
				VALIDATE_PRODUCT = YES;
			};
			name = Release;
		};
		235370EF2EB0627F00330476 /* Debug */ = {
			isa = XCBuildConfiguration;
			buildSettings = {
				ASSETCATALOG_COMPILER_APPICON_NAME = AppIcon;
				ASSETCATALOG_COMPILER_GLOBAL_ACCENT_COLOR_NAME = AccentColor;
				CODE_SIGN_STYLE = Automatic;
				CURRENT_PROJECT_VERSION = 1;
				DEVELOPMENT_TEAM = C8688KMQT6;
				ENABLE_PREVIEWS = YES;
				GENERATE_INFOPLIST_FILE = YES;
				INFOPLIST_KEY_UIApplicationSceneManifest_Generation = YES;
				INFOPLIST_KEY_UIApplicationSupportsIndirectInputEvents = YES;
				INFOPLIST_KEY_UILaunchScreen_Generation = YES;
				INFOPLIST_KEY_UISupportedInterfaceOrientations_iPad = "UIInterfaceOrientationPortrait UIInterfaceOrientationPortraitUpsideDown UIInterfaceOrientationLandscapeLeft UIInterfaceOrientationLandscapeRight";
				INFOPLIST_KEY_UISupportedInterfaceOrientations_iPhone = "UIInterfaceOrientationPortrait UIInterfaceOrientationLandscapeLeft UIInterfaceOrientationLandscapeRight";
				LD_RUNPATH_SEARCH_PATHS = (
					"$(inherited)",
					"@executable_path/Frameworks",
				);
				MARKETING_VERSION = 1.0;
				PRODUCT_BUNDLE_IDENTIFIER = com.test.RecipeDiscoveryApp;
				PRODUCT_NAME = "$(TARGET_NAME)";
				STRING_CATALOG_GENERATE_SYMBOLS = YES;
				SWIFT_APPROACHABLE_CONCURRENCY = YES;
				SWIFT_DEFAULT_ACTOR_ISOLATION = MainActor;
				SWIFT_EMIT_LOC_STRINGS = YES;
				SWIFT_UPCOMING_FEATURE_MEMBER_IMPORT_VISIBILITY = YES;
				SWIFT_VERSION = 5.0;
				TARGETED_DEVICE_FAMILY = "1,2";
			};
			name = Debug;
		};
		235370F02EB0627F00330476 /* Release */ = {
			isa = XCBuildConfiguration;
			buildSettings = {
				ASSETCATALOG_COMPILER_APPICON_NAME = AppIcon;
				ASSETCATALOG_COMPILER_GLOBAL_ACCENT_COLOR_NAME = AccentColor;
				CODE_SIGN_STYLE = Automatic;
				CURRENT_PROJECT_VERSION = 1;
				DEVELOPMENT_TEAM = C8688KMQT6;
				ENABLE_PREVIEWS = YES;
				GENERATE_INFOPLIST_FILE = YES;
				INFOPLIST_KEY_UIApplicationSceneManifest_Generation = YES;
				INFOPLIST_KEY_UIApplicationSupportsIndirectInputEvents = YES;
				INFOPLIST_KEY_UILaunchScreen_Generation = YES;
				INFOPLIST_KEY_UISupportedInterfaceOrientations_iPad = "UIInterfaceOrientationPortrait UIInterfaceOrientationPortraitUpsideDown UIInterfaceOrientationLandscapeLeft UIInterfaceOrientationLandscapeRight";
				INFOPLIST_KEY_UISupportedInterfaceOrientations_iPhone = "UIInterfaceOrientationPortrait UIInterfaceOrientationLandscapeLeft UIInterfaceOrientationLandscapeRight";
				LD_RUNPATH_SEARCH_PATHS = (
					"$(inherited)",
					"@executable_path/Frameworks",
				);
				MARKETING_VERSION = 1.0;
				PRODUCT_BUNDLE_IDENTIFIER = com.test.RecipeDiscoveryApp;
				PRODUCT_NAME = "$(TARGET_NAME)";
				STRING_CATALOG_GENERATE_SYMBOLS = YES;
				SWIFT_APPROACHABLE_CONCURRENCY = YES;
				SWIFT_DEFAULT_ACTOR_ISOLATION = MainActor;
				SWIFT_EMIT_LOC_STRINGS = YES;
				SWIFT_UPCOMING_FEATURE_MEMBER_IMPORT_VISIBILITY = YES;
				SWIFT_VERSION = 5.0;
				TARGETED_DEVICE_FAMILY = "1,2";
			};
			name = Release;
		};
		235370F22EB0627F00330476 /* Debug */ = {
			isa = XCBuildConfiguration;
			buildSettings = {
				BUNDLE_LOADER = "$(TEST_HOST)";
				CODE_SIGN_STYLE = Automatic;
				CURRENT_PROJECT_VERSION = 1;
				DEVELOPMENT_TEAM = C8688KMQT6;
				GENERATE_INFOPLIST_FILE = YES;
				IPHONEOS_DEPLOYMENT_TARGET = 26.0;
				MARKETING_VERSION = 1.0;
				PRODUCT_BUNDLE_IDENTIFIER = com.test.RecipeDiscoveryAppTests;
				PRODUCT_NAME = "$(TARGET_NAME)";
				STRING_CATALOG_GENERATE_SYMBOLS = NO;
				SWIFT_APPROACHABLE_CONCURRENCY = YES;
				SWIFT_EMIT_LOC_STRINGS = NO;
				SWIFT_UPCOMING_FEATURE_MEMBER_IMPORT_VISIBILITY = YES;
				SWIFT_VERSION = 5.0;
				TARGETED_DEVICE_FAMILY = "1,2";
				TEST_HOST = "$(BUILT_PRODUCTS_DIR)/RecipeDiscoveryApp.app/$(BUNDLE_EXECUTABLE_FOLDER_PATH)/RecipeDiscoveryApp";
			};
			name = Debug;
		};
		235370F32EB0627F00330476 /* Release */ = {
			isa = XCBuildConfiguration;
			buildSettings = {
				BUNDLE_LOADER = "$(TEST_HOST)";
				CODE_SIGN_STYLE = Automatic;
				CURRENT_PROJECT_VERSION = 1;
				DEVELOPMENT_TEAM = C8688KMQT6;
				GENERATE_INFOPLIST_FILE = YES;
				IPHONEOS_DEPLOYMENT_TARGET = 26.0;
				MARKETING_VERSION = 1.0;
				PRODUCT_BUNDLE_IDENTIFIER = com.test.RecipeDiscoveryAppTests;
				PRODUCT_NAME = "$(TARGET_NAME)";
				STRING_CATALOG_GENERATE_SYMBOLS = NO;
				SWIFT_APPROACHABLE_CONCURRENCY = YES;
				SWIFT_EMIT_LOC_STRINGS = NO;
				SWIFT_UPCOMING_FEATURE_MEMBER_IMPORT_VISIBILITY = YES;
				SWIFT_VERSION = 5.0;
				TARGETED_DEVICE_FAMILY = "1,2";
				TEST_HOST = "$(BUILT_PRODUCTS_DIR)/RecipeDiscoveryApp.app/$(BUNDLE_EXECUTABLE_FOLDER_PATH)/RecipeDiscoveryApp";
			};
			name = Release;
		};
		235370F52EB0627F00330476 /* Debug */ = {
			isa = XCBuildConfiguration;
			buildSettings = {
				CODE_SIGN_STYLE = Automatic;
				CURRENT_PROJECT_VERSION = 1;
				DEVELOPMENT_TEAM = C8688KMQT6;
				GENERATE_INFOPLIST_FILE = YES;
				MARKETING_VERSION = 1.0;
				PRODUCT_BUNDLE_IDENTIFIER = com.test.RecipeDiscoveryAppUITests;
				PRODUCT_NAME = "$(TARGET_NAME)";
				STRING_CATALOG_GENERATE_SYMBOLS = NO;
				SWIFT_APPROACHABLE_CONCURRENCY = YES;
				SWIFT_EMIT_LOC_STRINGS = NO;
				SWIFT_UPCOMING_FEATURE_MEMBER_IMPORT_VISIBILITY = YES;
				SWIFT_VERSION = 5.0;
				TARGETED_DEVICE_FAMILY = "1,2";
				TEST_TARGET_NAME = RecipeDiscoveryApp;
			};
			name = Debug;
		};
		235370F62EB0627F00330476 /* Release */ = {
			isa = XCBuildConfiguration;
			buildSettings = {
				CODE_SIGN_STYLE = Automatic;
				CURRENT_PROJECT_VERSION = 1;
				DEVELOPMENT_TEAM = C8688KMQT6;
				GENERATE_INFOPLIST_FILE = YES;
				MARKETING_VERSION = 1.0;
				PRODUCT_BUNDLE_IDENTIFIER = com.test.RecipeDiscoveryAppUITests;
				PRODUCT_NAME = "$(TARGET_NAME)";
				STRING_CATALOG_GENERATE_SYMBOLS = NO;
				SWIFT_APPROACHABLE_CONCURRENCY = YES;
				SWIFT_EMIT_LOC_STRINGS = NO;
				SWIFT_UPCOMING_FEATURE_MEMBER_IMPORT_VISIBILITY = YES;
				SWIFT_VERSION = 5.0;
				TARGETED_DEVICE_FAMILY = "1,2";
				TEST_TARGET_NAME = RecipeDiscoveryApp;
			};
			name = Release;
		};
/* End XCBuildConfiguration section */

/* Begin XCConfigurationList section */
		235370C32EB0627900330476 /* Build configuration list for PBXProject "RecipeDiscoveryApp" */ = {
			isa = XCConfigurationList;
			buildConfigurations = (
				235370EC2EB0627F00330476 /* Debug */,
				235370ED2EB0627F00330476 /* Release */,
			);
			defaultConfigurationIsVisible = 0;
			defaultConfigurationName = Release;
		};
		235370EE2EB0627F00330476 /* Build configuration list for PBXNativeTarget "RecipeDiscoveryApp" */ = {
			isa = XCConfigurationList;
			buildConfigurations = (
				235370EF2EB0627F00330476 /* Debug */,
				235370F02EB0627F00330476 /* Release */,
			);
			defaultConfigurationIsVisible = 0;
			defaultConfigurationName = Release;
		};
		235370F12EB0627F00330476 /* Build configuration list for PBXNativeTarget "RecipeDiscoveryAppTests" */ = {
			isa = XCConfigurationList;
			buildConfigurations = (
				235370F22EB0627F00330476 /* Debug */,
				235370F32EB0627F00330476 /* Release */,
			);
			defaultConfigurationIsVisible = 0;
			defaultConfigurationName = Release;
		};
		235370F42EB0627F00330476 /* Build configuration list for PBXNativeTarget "RecipeDiscoveryAppUITests" */ = {
			isa = XCConfigurationList;
			buildConfigurations = (
				235370F52EB0627F00330476 /* Debug */,
				235370F62EB0627F00330476 /* Release */,
			);
			defaultConfigurationIsVisible = 0;
			defaultConfigurationName = Release;
		};
/* End XCConfigurationList section */
	};
	rootObject = 235370C02EB0627900330476 /* Project object */;
}
